// !$*UTF8*$!
{
	archiveVersion = 1;
	classes = {
	};
	objectVersion = 55;
	objects = {

/* Begin PBXBuildFile section */
		26DD9FC928A3382C005F3D10 /* TagVideoPlayerApp.swift in Sources */ = {isa = PBXBuildFile; fileRef = 26DD9FC828A3382C005F3D10 /* TagVideoPlayerApp.swift */; };
		26DD9FCB28A3382C005F3D10 /* QueryScrollView.swift in Sources */ = {isa = PBXBuildFile; fileRef = 26DD9FCA28A3382C005F3D10 /* QueryScrollView.swift */; };
		26DD9FCD28A3382E005F3D10 /* Assets.xcassets in Resources */ = {isa = PBXBuildFile; fileRef = 26DD9FCC28A3382E005F3D10 /* Assets.xcassets */; };
		26DD9FD028A3382E005F3D10 /* Preview Assets.xcassets in Resources */ = {isa = PBXBuildFile; fileRef = 26DD9FCF28A3382E005F3D10 /* Preview Assets.xcassets */; };
		26DD9FD928A34019005F3D10 /* VideoManager.swift in Sources */ = {isa = PBXBuildFile; fileRef = 26DD9FD828A34019005F3D10 /* VideoManager.swift */; };
		26DD9FDB28A36A3A005F3D10 /* PexelsInfo.plist in Resources */ = {isa = PBXBuildFile; fileRef = 26DD9FDA28A36A3A005F3D10 /* PexelsInfo.plist */; };
		26DD9FDF28A37188005F3D10 /* ContentView.swift in Sources */ = {isa = PBXBuildFile; fileRef = 26DD9FDE28A37188005F3D10 /* ContentView.swift */; };
		26DD9FE328A37211005F3D10 /* VideoCardView.swift in Sources */ = {isa = PBXBuildFile; fileRef = 26DD9FE228A37211005F3D10 /* VideoCardView.swift */; };
/* End PBXBuildFile section */

/* Begin PBXFileReference section */
		26DD9FC528A3382C005F3D10 /* TagVideoPlayer.app */ = {isa = PBXFileReference; explicitFileType = wrapper.application; includeInIndex = 0; path = TagVideoPlayer.app; sourceTree = BUILT_PRODUCTS_DIR; };
		26DD9FC828A3382C005F3D10 /* TagVideoPlayerApp.swift */ = {isa = PBXFileReference; lastKnownFileType = sourcecode.swift; path = TagVideoPlayerApp.swift; sourceTree = "<group>"; };
		26DD9FCA28A3382C005F3D10 /* QueryScrollView.swift */ = {isa = PBXFileReference; lastKnownFileType = sourcecode.swift; path = QueryScrollView.swift; sourceTree = "<group>"; };
		26DD9FCC28A3382E005F3D10 /* Assets.xcassets */ = {isa = PBXFileReference; lastKnownFileType = folder.assetcatalog; path = Assets.xcassets; sourceTree = "<group>"; };
		26DD9FCF28A3382E005F3D10 /* Preview Assets.xcassets */ = {isa = PBXFileReference; lastKnownFileType = folder.assetcatalog; path = "Preview Assets.xcassets"; sourceTree = "<group>"; };
		26DD9FD828A34019005F3D10 /* VideoManager.swift */ = {isa = PBXFileReference; lastKnownFileType = sourcecode.swift; path = VideoManager.swift; sourceTree = "<group>"; };
		26DD9FDA28A36A3A005F3D10 /* PexelsInfo.plist */ = {isa = PBXFileReference; lastKnownFileType = text.plist.xml; path = PexelsInfo.plist; sourceTree = "<group>"; };
		26DD9FDE28A37188005F3D10 /* ContentView.swift */ = {isa = PBXFileReference; lastKnownFileType = sourcecode.swift; path = ContentView.swift; sourceTree = "<group>"; };
		26DD9FE228A37211005F3D10 /* VideoCardView.swift */ = {isa = PBXFileReference; lastKnownFileType = sourcecode.swift; path = VideoCardView.swift; sourceTree = "<group>"; };
/* End PBXFileReference section */

/* Begin PBXFrameworksBuildPhase section */
		26DD9FC228A3382C005F3D10 /* Frameworks */ = {
			isa = PBXFrameworksBuildPhase;
			buildActionMask = 2147483647;
			files = (
			);
			runOnlyForDeploymentPostprocessing = 0;
		};
/* End PBXFrameworksBuildPhase section */

/* Begin PBXGroup section */
		26DD9FBC28A3382C005F3D10 = {
			isa = PBXGroup;
			children = (
				26DD9FC728A3382C005F3D10 /* TagVideoPlayer */,
				26DD9FC628A3382C005F3D10 /* Products */,
			);
			sourceTree = "<group>";
		};
		26DD9FC628A3382C005F3D10 /* Products */ = {
			isa = PBXGroup;
			children = (
				26DD9FC528A3382C005F3D10 /* TagVideoPlayer.app */,
			);
			name = Products;
			sourceTree = "<group>";
		};
		26DD9FC728A3382C005F3D10 /* TagVideoPlayer */ = {
			isa = PBXGroup;
			children = (
				26DD9FC828A3382C005F3D10 /* TagVideoPlayerApp.swift */,
				26DD9FD828A34019005F3D10 /* VideoManager.swift */,
				26DD9FE028A371D5005F3D10 /* View */,
				26DD9FCC28A3382E005F3D10 /* Assets.xcassets */,
				26DD9FCE28A3382E005F3D10 /* Preview Content */,
				26DD9FDA28A36A3A005F3D10 /* PexelsInfo.plist */,
			);
			path = TagVideoPlayer;
			sourceTree = "<group>";
		};
		26DD9FCE28A3382E005F3D10 /* Preview Content */ = {
			isa = PBXGroup;
			children = (
				26DD9FCF28A3382E005F3D10 /* Preview Assets.xcassets */,
			);
			path = "Preview Content";
			sourceTree = "<group>";
		};
		26DD9FE028A371D5005F3D10 /* View */ = {
			isa = PBXGroup;
			children = (
				26DD9FDE28A37188005F3D10 /* ContentView.swift */,
				26DD9FE128A371E4005F3D10 /* Component */,
			);
			path = View;
			sourceTree = "<group>";
		};
		26DD9FE128A371E4005F3D10 /* Component */ = {
			isa = PBXGroup;
			children = (
				26DD9FCA28A3382C005F3D10 /* QueryScrollView.swift */,
				26DD9FE228A37211005F3D10 /* VideoCardView.swift */,
			);
			path = Component;
			sourceTree = "<group>";
		};
/* End PBXGroup section */

/* Begin PBXNativeTarget section */
		26DD9FC428A3382C005F3D10 /* TagVideoPlayer */ = {
			isa = PBXNativeTarget;
			buildConfigurationList = 26DD9FD328A3382E005F3D10 /* Build configuration list for PBXNativeTarget "TagVideoPlayer" */;
			buildPhases = (
				26DD9FC128A3382C005F3D10 /* Sources */,
				26DD9FC228A3382C005F3D10 /* Frameworks */,
				26DD9FC328A3382C005F3D10 /* Resources */,
			);
			buildRules = (
			);
			dependencies = (
			);
			name = TagVideoPlayer;
			productName = TagVideoPlayer;
			productReference = 26DD9FC528A3382C005F3D10 /* TagVideoPlayer.app */;
			productType = "com.apple.product-type.application";
		};
/* End PBXNativeTarget section */

/* Begin PBXProject section */
		26DD9FBD28A3382C005F3D10 /* Project object */ = {
			isa = PBXProject;
			attributes = {
				BuildIndependentTargetsInParallel = 1;
				LastSwiftUpdateCheck = 1330;
				LastUpgradeCheck = 1330;
				TargetAttributes = {
					26DD9FC428A3382C005F3D10 = {
						CreatedOnToolsVersion = 13.3.1;
					};
				};
			};
			buildConfigurationList = 26DD9FC028A3382C005F3D10 /* Build configuration list for PBXProject "TagVideoPlayer" */;
			compatibilityVersion = "Xcode 13.0";
			developmentRegion = en;
			hasScannedForEncodings = 0;
			knownRegions = (
				en,
				Base,
			);
			mainGroup = 26DD9FBC28A3382C005F3D10;
			productRefGroup = 26DD9FC628A3382C005F3D10 /* Products */;
			projectDirPath = "";
			projectRoot = "";
			targets = (
				26DD9FC428A3382C005F3D10 /* TagVideoPlayer */,
			);
		};
/* End PBXProject section */

/* Begin PBXResourcesBuildPhase section */
		26DD9FC328A3382C005F3D10 /* Resources */ = {
			isa = PBXResourcesBuildPhase;
			buildActionMask = 2147483647;
			files = (
				26DD9FD028A3382E005F3D10 /* Preview Assets.xcassets in Resources */,
				26DD9FCD28A3382E005F3D10 /* Assets.xcassets in Resources */,
				26DD9FDB28A36A3A005F3D10 /* PexelsInfo.plist in Resources */,
			);
			runOnlyForDeploymentPostprocessing = 0;
		};
/* End PBXResourcesBuildPhase section */

/* Begin PBXSourcesBuildPhase section */
		26DD9FC128A3382C005F3D10 /* Sources */ = {
			isa = PBXSourcesBuildPhase;
			buildActionMask = 2147483647;
			files = (
				26DD9FCB28A3382C005F3D10 /* QueryScrollView.swift in Sources */,
				26DD9FC928A3382C005F3D10 /* TagVideoPlayerApp.swift in Sources */,
				26DD9FDF28A37188005F3D10 /* ContentView.swift in Sources */,
				26DD9FD928A34019005F3D10 /* VideoManager.swift in Sources */,
				26DD9FE328A37211005F3D10 /* VideoCardView.swift in Sources */,
			);
			runOnlyForDeploymentPostprocessing = 0;
		};
/* End PBXSourcesBuildPhase section */

/* Begin XCBuildConfiguration section */
		26DD9FD128A3382E005F3D10 /* Debug */ = {
			isa = XCBuildConfiguration;
			buildSettings = {
				ALWAYS_SEARCH_USER_PATHS = NO;
				CLANG_ANALYZER_NONNULL = YES;
				CLANG_ANALYZER_NUMBER_OBJECT_CONVERSION = YES_AGGRESSIVE;
				CLANG_CXX_LANGUAGE_STANDARD = "gnu++17";
				CLANG_ENABLE_MODULES = YES;
				CLANG_ENABLE_OBJC_ARC = YES;
				CLANG_ENABLE_OBJC_WEAK = YES;
				CLANG_WARN_BLOCK_CAPTURE_AUTORELEASING = YES;
				CLANG_WARN_BOOL_CONVERSION = YES;
				CLANG_WARN_COMMA = YES;
				CLANG_WARN_CONSTANT_CONVERSION = YES;
				CLANG_WARN_DEPRECATED_OBJC_IMPLEMENTATIONS = YES;
				CLANG_WARN_DIRECT_OBJC_ISA_USAGE = YES_ERROR;
				CLANG_WARN_DOCUMENTATION_COMMENTS = YES;
				CLANG_WARN_EMPTY_BODY = YES;
				CLANG_WARN_ENUM_CONVERSION = YES;
				CLANG_WARN_INFINITE_RECURSION = YES;
				CLANG_WARN_INT_CONVERSION = YES;
				CLANG_WARN_NON_LITERAL_NULL_CONVERSION = YES;
				CLANG_WARN_OBJC_IMPLICIT_RETAIN_SELF = YES;
				CLANG_WARN_OBJC_LITERAL_CONVERSION = YES;
				CLANG_WARN_OBJC_ROOT_CLASS = YES_ERROR;
				CLANG_WARN_QUOTED_INCLUDE_IN_FRAMEWORK_HEADER = YES;
				CLANG_WARN_RANGE_LOOP_ANALYSIS = YES;
				CLANG_WARN_STRICT_PROTOTYPES = YES;
				CLANG_WARN_SUSPICIOUS_MOVE = YES;
				CLANG_WARN_UNGUARDED_AVAILABILITY = YES_AGGRESSIVE;
				CLANG_WARN_UNREACHABLE_CODE = YES;
				CLANG_WARN__DUPLICATE_METHOD_MATCH = YES;
				COPY_PHASE_STRIP = NO;
				DEBUG_INFORMATION_FORMAT = dwarf;
				ENABLE_STRICT_OBJC_MSGSEND = YES;
				ENABLE_TESTABILITY = YES;
				GCC_C_LANGUAGE_STANDARD = gnu11;
				GCC_DYNAMIC_NO_PIC = NO;
				GCC_NO_COMMON_BLOCKS = YES;
				GCC_OPTIMIZATION_LEVEL = 0;
				GCC_PREPROCESSOR_DEFINITIONS = (
					"DEBUG=1",
					"$(inherited)",
				);
				GCC_WARN_64_TO_32_BIT_CONVERSION = YES;
				GCC_WARN_ABOUT_RETURN_TYPE = YES_ERROR;
				GCC_WARN_UNDECLARED_SELECTOR = YES;
				GCC_WARN_UNINITIALIZED_AUTOS = YES_AGGRESSIVE;
				GCC_WARN_UNUSED_FUNCTION = YES;
				GCC_WARN_UNUSED_VARIABLE = YES;
				IPHONEOS_DEPLOYMENT_TARGET = 15.4;
				MTL_ENABLE_DEBUG_INFO = INCLUDE_SOURCE;
				MTL_FAST_MATH = YES;
				ONLY_ACTIVE_ARCH = YES;
				SDKROOT = iphoneos;
				SWIFT_ACTIVE_COMPILATION_CONDITIONS = DEBUG;
				SWIFT_OPTIMIZATION_LEVEL = "-Onone";
			};
			name = Debug;
		};
		26DD9FD228A3382E005F3D10 /* Release */ = {
			isa = XCBuildConfiguration;
			buildSettings = {
				ALWAYS_SEARCH_USER_PATHS = NO;
				CLANG_ANALYZER_NONNULL = YES;
				CLANG_ANALYZER_NUMBER_OBJECT_CONVERSION = YES_AGGRESSIVE;
				CLANG_CXX_LANGUAGE_STANDARD = "gnu++17";
				CLANG_ENABLE_MODULES = YES;
				CLANG_ENABLE_OBJC_ARC = YES;
				CLANG_ENABLE_OBJC_WEAK = YES;
				CLANG_WARN_BLOCK_CAPTURE_AUTORELEASING = YES;
				CLANG_WARN_BOOL_CONVERSION = YES;
				CLANG_WARN_COMMA = YES;
				CLANG_WARN_CONSTANT_CONVERSION = YES;
				CLANG_WARN_DEPRECATED_OBJC_IMPLEMENTATIONS = YES;
				CLANG_WARN_DIRECT_OBJC_ISA_USAGE = YES_ERROR;
				CLANG_WARN_DOCUMENTATION_COMMENTS = YES;
				CLANG_WARN_EMPTY_BODY = YES;
				CLANG_WARN_ENUM_CONVERSION = YES;
				CLANG_WARN_INFINITE_RECURSION = YES;
				CLANG_WARN_INT_CONVERSION = YES;
				CLANG_WARN_NON_LITERAL_NULL_CONVERSION = YES;
				CLANG_WARN_OBJC_IMPLICIT_RETAIN_SELF = YES;
				CLANG_WARN_OBJC_LITERAL_CONVERSION = YES;
				CLANG_WARN_OBJC_ROOT_CLASS = YES_ERROR;
				CLANG_WARN_QUOTED_INCLUDE_IN_FRAMEWORK_HEADER = YES;
				CLANG_WARN_RANGE_LOOP_ANALYSIS = YES;
				CLANG_WARN_STRICT_PROTOTYPES = YES;
				CLANG_WARN_SUSPICIOUS_MOVE = YES;
				CLANG_WARN_UNGUARDED_AVAILABILITY = YES_AGGRESSIVE;
				CLANG_WARN_UNREACHABLE_CODE = YES;
				CLANG_WARN__DUPLICATE_METHOD_MATCH = YES;
				COPY_PHASE_STRIP = NO;
				DEBUG_INFORMATION_FORMAT = "dwarf-with-dsym";
				ENABLE_NS_ASSERTIONS = NO;
				ENABLE_STRICT_OBJC_MSGSEND = YES;
				GCC_C_LANGUAGE_STANDARD = gnu11;
				GCC_NO_COMMON_BLOCKS = YES;
				GCC_WARN_64_TO_32_BIT_CONVERSION = YES;
				GCC_WARN_ABOUT_RETURN_TYPE = YES_ERROR;
				GCC_WARN_UNDECLARED_SELECTOR = YES;
				GCC_WARN_UNINITIALIZED_AUTOS = YES_AGGRESSIVE;
				GCC_WARN_UNUSED_FUNCTION = YES;
				GCC_WARN_UNUSED_VARIABLE = YES;
				IPHONEOS_DEPLOYMENT_TARGET = 15.4;
				MTL_ENABLE_DEBUG_INFO = NO;
				MTL_FAST_MATH = YES;
				SDKROOT = iphoneos;
				SWIFT_COMPILATION_MODE = wholemodule;
				SWIFT_OPTIMIZATION_LEVEL = "-O";
				VALIDATE_PRODUCT = YES;
			};
			name = Release;
		};
		26DD9FD428A3382E005F3D10 /* Debug */ = {
			isa = XCBuildConfiguration;
			buildSettings = {
				ASSETCATALOG_COMPILER_APPICON_NAME = AppIcon;
				ASSETCATALOG_COMPILER_GLOBAL_ACCENT_COLOR_NAME = AccentColor;
				CODE_SIGN_STYLE = Automatic;
				CURRENT_PROJECT_VERSION = 1;
				DEVELOPMENT_ASSET_PATHS = "\"TagVideoPlayer/Preview Content\"";
				DEVELOPMENT_TEAM = 9GHM5422CF;
				ENABLE_PREVIEWS = YES;
				GENERATE_INFOPLIST_FILE = YES;
				INFOPLIST_KEY_UIApplicationSceneManifest_Generation = YES;
				INFOPLIST_KEY_UIApplicationSupportsIndirectInputEvents = YES;
				INFOPLIST_KEY_UILaunchScreen_Generation = YES;
				INFOPLIST_KEY_UISupportedInterfaceOrientations_iPad = "UIInterfaceOrientationPortrait UIInterfaceOrientationPortraitUpsideDown UIInterfaceOrientationLandscapeLeft UIInterfaceOrientationLandscapeRight";
				INFOPLIST_KEY_UISupportedInterfaceOrientations_iPhone = "UIInterfaceOrientationPortrait UIInterfaceOrientationLandscapeLeft UIInterfaceOrientationLandscapeRight";
				LD_RUNPATH_SEARCH_PATHS = (
					"$(inherited)",
					"@executable_path/Frameworks",
				);
				MARKETING_VERSION = 1.0;
				PRODUCT_BUNDLE_IDENTIFIER = roun.TagVideoPlayer;
				PRODUCT_NAME = "$(TARGET_NAME)";
				SWIFT_EMIT_LOC_STRINGS = YES;
				SWIFT_VERSION = 5.0;
				TARGETED_DEVICE_FAMILY = "1,2";
			};
			name = Debug;
		};
		26DD9FD528A3382E005F3D10 /* Release */ = {
			isa = XCBuildConfiguration;
			buildSettings = {
				ASSETCATALOG_COMPILER_APPICON_NAME = AppIcon;
				ASSETCATALOG_COMPILER_GLOBAL_ACCENT_COLOR_NAME = AccentColor;
				CODE_SIGN_STYLE = Automatic;
				CURRENT_PROJECT_VERSION = 1;
				DEVELOPMENT_ASSET_PATHS = "\"TagVideoPlayer/Preview Content\"";
				DEVELOPMENT_TEAM = 9GHM5422CF;
				ENABLE_PREVIEWS = YES;
				GENERATE_INFOPLIST_FILE = YES;
				INFOPLIST_KEY_UIApplicationSceneManifest_Generation = YES;
				INFOPLIST_KEY_UIApplicationSupportsIndirectInputEvents = YES;
				INFOPLIST_KEY_UILaunchScreen_Generation = YES;
				INFOPLIST_KEY_UISupportedInterfaceOrientations_iPad = "UIInterfaceOrientationPortrait UIInterfaceOrientationPortraitUpsideDown UIInterfaceOrientationLandscapeLeft UIInterfaceOrientationLandscapeRight";
				INFOPLIST_KEY_UISupportedInterfaceOrientations_iPhone = "UIInterfaceOrientationPortrait UIInterfaceOrientationLandscapeLeft UIInterfaceOrientationLandscapeRight";
				LD_RUNPATH_SEARCH_PATHS = (
					"$(inherited)",
					"@executable_path/Frameworks",
				);
				MARKETING_VERSION = 1.0;
				PRODUCT_BUNDLE_IDENTIFIER = roun.TagVideoPlayer;
				PRODUCT_NAME = "$(TARGET_NAME)";
				SWIFT_EMIT_LOC_STRINGS = YES;
				SWIFT_VERSION = 5.0;
				TARGETED_DEVICE_FAMILY = "1,2";
			};
			name = Release;
		};
/* End XCBuildConfiguration section */

/* Begin XCConfigurationList section */
		26DD9FC028A3382C005F3D10 /* Build configuration list for PBXProject "TagVideoPlayer" */ = {
			isa = XCConfigurationList;
			buildConfigurations = (
				26DD9FD128A3382E005F3D10 /* Debug */,
				26DD9FD228A3382E005F3D10 /* Release */,
			);
			defaultConfigurationIsVisible = 0;
			defaultConfigurationName = Release;
		};
		26DD9FD328A3382E005F3D10 /* Build configuration list for PBXNativeTarget "TagVideoPlayer" */ = {
			isa = XCConfigurationList;
			buildConfigurations = (
				26DD9FD428A3382E005F3D10 /* Debug */,
				26DD9FD528A3382E005F3D10 /* Release */,
			);
			defaultConfigurationIsVisible = 0;
			defaultConfigurationName = Release;
		};
/* End XCConfigurationList section */
	};
	rootObject = 26DD9FBD28A3382C005F3D10 /* Project object */;
}
